
Microsoft Visual Studio Solution File, Format Version 12.00
# Visual Studio Version 16
VisualStudioVersion = 16.0.29613.14
MinimumVisualStudioVersion = 10.0.40219.1
Project("{FAE04EC0-301F-11D3-BF4B-00C04F79EFBC}") = "PageData.WebSite", "PageData.WebSite\PageData.WebSite.csproj", "{A1490696-36E4-4F99-805D-15204311247A}"
EndProject
Global
	GlobalSection(SolutionConfigurationPlatforms) = preSolution
		Debug|Any CPU = Debug|Any CPU
		Release|Any CPU = Release|Any CPU
	EndGlobalSection
	GlobalSection(ProjectConfigurationPlatforms) = postSolution
		{A1490696-36E4-4F99-805D-15204311247A}.Debug|Any CPU.ActiveCfg = Debug|Any CPU
		{A1490696-36E4-4F99-805D-15204311247A}.Debug|Any CPU.Build.0 = Debug|Any CPU
		{A1490696-36E4-4F99-805D-15204311247A}.Release|Any CPU.ActiveCfg = Release|Any CPU
		{A1490696-36E4-4F99-805D-15204311247A}.Release|Any CPU.Build.0 = Release|Any CPU
	EndGlobalSection
	GlobalSection(SolutionProperties) = preSolution
		HideSolutionNode = FALSE
	EndGlobalSection
	GlobalSection(ExtensibilityGlobals) = postSolution
		SolutionGuid = {8D0E0CFB-A89C-498D-9A8F-880FF0829F9E}
	EndGlobalSection
EndGlobal
