
Microsoft Visual Studio Solution File, Format Version 12.00
# Visual Studio Version 16
VisualStudioVersion = 16.0.29613.14
MinimumVisualStudioVersion = 10.0.40219.1
Project("{9A19103F-16F7-4668-BE54-9A1E7A4F7556}") = "PageData.WebWorker", "PageData.WebWorker\PageData.WebWorker.csproj", "{A30E9586-30E0-42B1-9BF1-563EFF10A337}"
EndProject
Project("{9A19103F-16F7-4668-BE54-9A1E7A4F7556}") = "PageData.QueueServices", "PageData.QueueServices\PageData.QueueServices.csproj", "{EEA25198-BFA8-4B92-8837-6C2364A4FFB2}"
EndProject
Project("{9A19103F-16F7-4668-BE54-9A1E7A4F7556}") = "PageData.DataServices", "PageData.DataServices\PageData.DataServices.csproj", "{A7B908F2-7B44-440B-964D-EEEBB24BF0BC}"
EndProject
Project("{9A19103F-16F7-4668-BE54-9A1E7A4F7556}") = "PageData.Repositories", "PageData.Repositories\PageData.Repositories.csproj", "{B9067449-136A-4DEA-AF31-8F78540BE056}"
EndProject
Global
	GlobalSection(SolutionConfigurationPlatforms) = preSolution
		Debug|Any CPU = Debug|Any CPU
		Release|Any CPU = Release|Any CPU
	EndGlobalSection
	GlobalSection(ProjectConfigurationPlatforms) = postSolution
		{A30E9586-30E0-42B1-9BF1-563EFF10A337}.Debug|Any CPU.ActiveCfg = Debug|Any CPU
		{A30E9586-30E0-42B1-9BF1-563EFF10A337}.Debug|Any CPU.Build.0 = Debug|Any CPU
		{A30E9586-30E0-42B1-9BF1-563EFF10A337}.Release|Any CPU.ActiveCfg = Release|Any CPU
		{A30E9586-30E0-42B1-9BF1-563EFF10A337}.Release|Any CPU.Build.0 = Release|Any CPU
		{EEA25198-BFA8-4B92-8837-6C2364A4FFB2}.Debug|Any CPU.ActiveCfg = Debug|Any CPU
		{EEA25198-BFA8-4B92-8837-6C2364A4FFB2}.Debug|Any CPU.Build.0 = Debug|Any CPU
		{EEA25198-BFA8-4B92-8837-6C2364A4FFB2}.Release|Any CPU.ActiveCfg = Release|Any CPU
		{EEA25198-BFA8-4B92-8837-6C2364A4FFB2}.Release|Any CPU.Build.0 = Release|Any CPU
		{A7B908F2-7B44-440B-964D-EEEBB24BF0BC}.Debug|Any CPU.ActiveCfg = Debug|Any CPU
		{A7B908F2-7B44-440B-964D-EEEBB24BF0BC}.Debug|Any CPU.Build.0 = Debug|Any CPU
		{A7B908F2-7B44-440B-964D-EEEBB24BF0BC}.Release|Any CPU.ActiveCfg = Release|Any CPU
		{A7B908F2-7B44-440B-964D-EEEBB24BF0BC}.Release|Any CPU.Build.0 = Release|Any CPU
		{B9067449-136A-4DEA-AF31-8F78540BE056}.Debug|Any CPU.ActiveCfg = Debug|Any CPU
		{B9067449-136A-4DEA-AF31-8F78540BE056}.Debug|Any CPU.Build.0 = Debug|Any CPU
		{B9067449-136A-4DEA-AF31-8F78540BE056}.Release|Any CPU.ActiveCfg = Release|Any CPU
		{B9067449-136A-4DEA-AF31-8F78540BE056}.Release|Any CPU.Build.0 = Release|Any CPU
	EndGlobalSection
	GlobalSection(SolutionProperties) = preSolution
		HideSolutionNode = FALSE
	EndGlobalSection
	GlobalSection(ExtensibilityGlobals) = postSolution
		SolutionGuid = {8D0E0CFB-A89C-498D-9A8F-880FF0829F9E}
	EndGlobalSection
EndGlobal
