
Microsoft Visual Studio Solution File, Format Version 12.00
# Visual Studio Version 16
VisualStudioVersion = 16.0.29613.14
MinimumVisualStudioVersion = 10.0.40219.1
Project("{9A19103F-16F7-4668-BE54-9A1E7A4F7556}") = "PageData.QueueServices", "PageData.QueueServices\PageData.QueueServices.csproj", "{EEA25198-BFA8-4B92-8837-6C2364A4FFB2}"
EndProject
Project("{9A19103F-16F7-4668-BE54-9A1E7A4F7556}") = "PageData.DataServices", "PageData.DataServices\PageData.DataServices.csproj", "{A7B908F2-7B44-440B-964D-EEEBB24BF0BC}"
EndProject
Project("{9A19103F-16F7-4668-BE54-9A1E7A4F7556}") = "PageData.Repositories", "PageData.Repositories\PageData.Repositories.csproj", "{5AED8D12-DE84-4F41-A25F-48637B611936}"
EndProject
Project("{9A19103F-16F7-4668-BE54-9A1E7A4F7556}") = "PageData.WebApi", "PageData.WebApi\PageData.WebApi.csproj", "{220506C9-DF62-4B2F-8DA5-9943F38AE479}"
EndProject
Project("{2150E333-8FDC-42A3-9474-1A3956D46DE8}") = "Solution Items", "Solution Items", "{5280F98E-6893-4697-9108-3B14717D376B}"
	ProjectSection(SolutionItems) = preProject
		.dockerignore = .dockerignore
		docker-compose.yml = docker-compose.yml
		PageBehaviourDb_CreateScript.sql = PageBehaviourDb_CreateScript.sql
	EndProjectSection
EndProject
Global
	GlobalSection(SolutionConfigurationPlatforms) = preSolution
		Debug|Any CPU = Debug|Any CPU
		Release|Any CPU = Release|Any CPU
	EndGlobalSection
	GlobalSection(ProjectConfigurationPlatforms) = postSolution
		{EEA25198-BFA8-4B92-8837-6C2364A4FFB2}.Debug|Any CPU.ActiveCfg = Debug|Any CPU
		{EEA25198-BFA8-4B92-8837-6C2364A4FFB2}.Debug|Any CPU.Build.0 = Debug|Any CPU
		{EEA25198-BFA8-4B92-8837-6C2364A4FFB2}.Release|Any CPU.ActiveCfg = Release|Any CPU
		{EEA25198-BFA8-4B92-8837-6C2364A4FFB2}.Release|Any CPU.Build.0 = Release|Any CPU
		{A7B908F2-7B44-440B-964D-EEEBB24BF0BC}.Debug|Any CPU.ActiveCfg = Debug|Any CPU
		{A7B908F2-7B44-440B-964D-EEEBB24BF0BC}.Debug|Any CPU.Build.0 = Debug|Any CPU
		{A7B908F2-7B44-440B-964D-EEEBB24BF0BC}.Release|Any CPU.ActiveCfg = Release|Any CPU
		{A7B908F2-7B44-440B-964D-EEEBB24BF0BC}.Release|Any CPU.Build.0 = Release|Any CPU
		{5AED8D12-DE84-4F41-A25F-48637B611936}.Debug|Any CPU.ActiveCfg = Debug|Any CPU
		{5AED8D12-DE84-4F41-A25F-48637B611936}.Debug|Any CPU.Build.0 = Debug|Any CPU
		{5AED8D12-DE84-4F41-A25F-48637B611936}.Release|Any CPU.ActiveCfg = Release|Any CPU
		{5AED8D12-DE84-4F41-A25F-48637B611936}.Release|Any CPU.Build.0 = Release|Any CPU
		{220506C9-DF62-4B2F-8DA5-9943F38AE479}.Debug|Any CPU.ActiveCfg = Debug|Any CPU
		{220506C9-DF62-4B2F-8DA5-9943F38AE479}.Debug|Any CPU.Build.0 = Debug|Any CPU
		{220506C9-DF62-4B2F-8DA5-9943F38AE479}.Release|Any CPU.ActiveCfg = Release|Any CPU
		{220506C9-DF62-4B2F-8DA5-9943F38AE479}.Release|Any CPU.Build.0 = Release|Any CPU
	EndGlobalSection
	GlobalSection(SolutionProperties) = preSolution
		HideSolutionNode = FALSE
	EndGlobalSection
	GlobalSection(ExtensibilityGlobals) = postSolution
		SolutionGuid = {8D0E0CFB-A89C-498D-9A8F-880FF0829F9E}
	EndGlobalSection
EndGlobal
